
Microsoft Visual Studio Solution File, Format Version 12.00
# Visual Studio Version 17
VisualStudioVersion = 17.11.35312.102
MinimumVisualStudioVersion = 10.0.40219.1
Project("{FAE04EC0-301F-11D3-BF4B-00C04F79EFBC}") = "First Test Wevb", "First Test Wevb\First Test Wevb.csproj", "{A5C9E04A-9923-4892-B829-704D9ABA93A6}"
EndProject
Global
	GlobalSection(SolutionConfigurationPlatforms) = preSolution
		Debug|Any CPU = Debug|Any CPU
		Release|Any CPU = Release|Any CPU
	EndGlobalSection
	GlobalSection(ProjectConfigurationPlatforms) = postSolution
		{A5C9E04A-9923-4892-B829-704D9ABA93A6}.Debug|Any CPU.ActiveCfg = Debug|Any CPU
		{A5C9E04A-9923-4892-B829-704D9ABA93A6}.Debug|Any CPU.Build.0 = Debug|Any CPU
		{A5C9E04A-9923-4892-B829-704D9ABA93A6}.Release|Any CPU.ActiveCfg = Release|Any CPU
		{A5C9E04A-9923-4892-B829-704D9ABA93A6}.Release|Any CPU.Build.0 = Release|Any CPU
	EndGlobalSection
	GlobalSection(SolutionProperties) = preSolution
		HideSolutionNode = FALSE
	EndGlobalSection
	GlobalSection(ExtensibilityGlobals) = postSolution
		SolutionGuid = {01EF258E-C8E1-4A2B-812E-409D2E71FAC9}
	EndGlobalSection
EndGlobal
